// !$*UTF8*$!
{
	archiveVersion = 1;
	classes = {
	};
	objectVersion = 51;
	objects = {

/* Begin PBXBuildFile section */
		5175BAA57979F7245AAFCE9D /* Pods_PeanutButter.framework in Frameworks */ = {isa = PBXBuildFile; fileRef = DC8FDBF7649D28EDCEF41CFF /* Pods_PeanutButter.framework */; };
		8505A16C23D2F8790067C67B /* PeanutBatterCell.swift in Sources */ = {isa = PBXBuildFile; fileRef = 8505A16B23D2F8790067C67B /* PeanutBatterCell.swift */; };
		8505A17223D454DB0067C67B /* PeanutViewController.swift in Sources */ = {isa = PBXBuildFile; fileRef = 8505A17123D454DB0067C67B /* PeanutViewController.swift */; };
		8538AAED23D2E48D00E136ED /* AppDelegate.swift in Sources */ = {isa = PBXBuildFile; fileRef = 8538AAEC23D2E48D00E136ED /* AppDelegate.swift */; };
		8538AAEF23D2E48D00E136ED /* SceneDelegate.swift in Sources */ = {isa = PBXBuildFile; fileRef = 8538AAEE23D2E48D00E136ED /* SceneDelegate.swift */; };
		8538AAF123D2E48D00E136ED /* ViewController.swift in Sources */ = {isa = PBXBuildFile; fileRef = 8538AAF023D2E48D00E136ED /* ViewController.swift */; };
		8538AAF423D2E48D00E136ED /* Main.storyboard in Resources */ = {isa = PBXBuildFile; fileRef = 8538AAF223D2E48D00E136ED /* Main.storyboard */; };
		8538AAF623D2E48E00E136ED /* Assets.xcassets in Resources */ = {isa = PBXBuildFile; fileRef = 8538AAF523D2E48E00E136ED /* Assets.xcassets */; };
		8538AAF923D2E48E00E136ED /* LaunchScreen.storyboard in Resources */ = {isa = PBXBuildFile; fileRef = 8538AAF723D2E48E00E136ED /* LaunchScreen.storyboard */; };
		8538AB0123D2E5EB00E136ED /* PeanutButter.swift in Sources */ = {isa = PBXBuildFile; fileRef = 8538AB0023D2E5EB00E136ED /* PeanutButter.swift */; };
		85E3998223D591D30095856F /* PeanutModel.swift in Sources */ = {isa = PBXBuildFile; fileRef = 85E3998123D591D30095856F /* PeanutModel.swift */; };
		85E3998423D594990095856F /* StoreManager.swift in Sources */ = {isa = PBXBuildFile; fileRef = 85E3998323D594990095856F /* StoreManager.swift */; };
		85E3998C23D5C3240095856F /* NewTableViewController.swift in Sources */ = {isa = PBXBuildFile; fileRef = 85E3998B23D5C3240095856F /* NewTableViewController.swift */; };
/* End PBXBuildFile section */

/* Begin PBXFileReference section */
		8505A16B23D2F8790067C67B /* PeanutBatterCell.swift */ = {isa = PBXFileReference; lastKnownFileType = sourcecode.swift; path = PeanutBatterCell.swift; sourceTree = "<group>"; };
		8505A17123D454DB0067C67B /* PeanutViewController.swift */ = {isa = PBXFileReference; lastKnownFileType = sourcecode.swift; path = PeanutViewController.swift; sourceTree = "<group>"; };
		8538AAE923D2E48D00E136ED /* PeanutButter.app */ = {isa = PBXFileReference; explicitFileType = wrapper.application; includeInIndex = 0; path = PeanutButter.app; sourceTree = BUILT_PRODUCTS_DIR; };
		8538AAEC23D2E48D00E136ED /* AppDelegate.swift */ = {isa = PBXFileReference; lastKnownFileType = sourcecode.swift; path = AppDelegate.swift; sourceTree = "<group>"; };
		8538AAEE23D2E48D00E136ED /* SceneDelegate.swift */ = {isa = PBXFileReference; lastKnownFileType = sourcecode.swift; path = SceneDelegate.swift; sourceTree = "<group>"; };
		8538AAF023D2E48D00E136ED /* ViewController.swift */ = {isa = PBXFileReference; lastKnownFileType = sourcecode.swift; path = ViewController.swift; sourceTree = "<group>"; };
		8538AAF323D2E48D00E136ED /* Base */ = {isa = PBXFileReference; lastKnownFileType = file.storyboard; name = Base; path = Base.lproj/Main.storyboard; sourceTree = "<group>"; };
		8538AAF523D2E48E00E136ED /* Assets.xcassets */ = {isa = PBXFileReference; lastKnownFileType = folder.assetcatalog; path = Assets.xcassets; sourceTree = "<group>"; };
		8538AAF823D2E48E00E136ED /* Base */ = {isa = PBXFileReference; lastKnownFileType = file.storyboard; name = Base; path = Base.lproj/LaunchScreen.storyboard; sourceTree = "<group>"; };
		8538AAFA23D2E48E00E136ED /* Info.plist */ = {isa = PBXFileReference; lastKnownFileType = text.plist.xml; path = Info.plist; sourceTree = "<group>"; };
		8538AB0023D2E5EB00E136ED /* PeanutButter.swift */ = {isa = PBXFileReference; lastKnownFileType = sourcecode.swift; path = PeanutButter.swift; sourceTree = "<group>"; };
		85E3998123D591D30095856F /* PeanutModel.swift */ = {isa = PBXFileReference; lastKnownFileType = sourcecode.swift; path = PeanutModel.swift; sourceTree = "<group>"; };
		85E3998323D594990095856F /* StoreManager.swift */ = {isa = PBXFileReference; lastKnownFileType = sourcecode.swift; path = StoreManager.swift; sourceTree = "<group>"; };
		85E3998B23D5C3240095856F /* NewTableViewController.swift */ = {isa = PBXFileReference; lastKnownFileType = sourcecode.swift; name = NewTableViewController.swift; path = PeanutButter/NewTableViewController.swift; sourceTree = SOURCE_ROOT; };
		89FF3D7224835858FAADCF16 /* Pods-PeanutButter.debug.xcconfig */ = {isa = PBXFileReference; includeInIndex = 1; lastKnownFileType = text.xcconfig; name = "Pods-PeanutButter.debug.xcconfig"; path = "Target Support Files/Pods-PeanutButter/Pods-PeanutButter.debug.xcconfig"; sourceTree = "<group>"; };
		D60E9DB2F7BE90376875ECD6 /* Pods-PeanutButter.release.xcconfig */ = {isa = PBXFileReference; includeInIndex = 1; lastKnownFileType = text.xcconfig; name = "Pods-PeanutButter.release.xcconfig"; path = "Target Support Files/Pods-PeanutButter/Pods-PeanutButter.release.xcconfig"; sourceTree = "<group>"; };
		DC8FDBF7649D28EDCEF41CFF /* Pods_PeanutButter.framework */ = {isa = PBXFileReference; explicitFileType = wrapper.framework; includeInIndex = 0; path = Pods_PeanutButter.framework; sourceTree = BUILT_PRODUCTS_DIR; };
/* End PBXFileReference section */

/* Begin PBXFrameworksBuildPhase section */
		8538AAE623D2E48D00E136ED /* Frameworks */ = {
			isa = PBXFrameworksBuildPhase;
			buildActionMask = 2147483647;
			files = (
				5175BAA57979F7245AAFCE9D /* Pods_PeanutButter.framework in Frameworks */,
			);
			runOnlyForDeploymentPostprocessing = 0;
		};
/* End PBXFrameworksBuildPhase section */

/* Begin PBXGroup section */
		13F7A1C3B20797762C864A6E /* Pods */ = {
			isa = PBXGroup;
			children = (
				89FF3D7224835858FAADCF16 /* Pods-PeanutButter.debug.xcconfig */,
				D60E9DB2F7BE90376875ECD6 /* Pods-PeanutButter.release.xcconfig */,
			);
			path = Pods;
			sourceTree = "<group>";
		};
		68F7E9188602809EF1DFED15 /* Frameworks */ = {
			isa = PBXGroup;
			children = (
				DC8FDBF7649D28EDCEF41CFF /* Pods_PeanutButter.framework */,
			);
			name = Frameworks;
			sourceTree = "<group>";
		};
		8538AAE023D2E48D00E136ED = {
			isa = PBXGroup;
			children = (
				8538AAEB23D2E48D00E136ED /* PeanutButter */,
				8538AAEA23D2E48D00E136ED /* Products */,
				13F7A1C3B20797762C864A6E /* Pods */,
				68F7E9188602809EF1DFED15 /* Frameworks */,
			);
			sourceTree = "<group>";
		};
		8538AAEA23D2E48D00E136ED /* Products */ = {
			isa = PBXGroup;
			children = (
				8538AAE923D2E48D00E136ED /* PeanutButter.app */,
			);
			name = Products;
			sourceTree = "<group>";
		};
		8538AAEB23D2E48D00E136ED /* PeanutButter */ = {
			isa = PBXGroup;
			children = (
				8538AAEC23D2E48D00E136ED /* AppDelegate.swift */,
				8538AAEE23D2E48D00E136ED /* SceneDelegate.swift */,
				8538AAF023D2E48D00E136ED /* ViewController.swift */,
				85E3998523D5B18A0095856F /* ViewControllers */,
				85E3998823D5B1E00095856F /* Models */,
				8538AAF223D2E48D00E136ED /* Main.storyboard */,
				8538AAF523D2E48E00E136ED /* Assets.xcassets */,
				8538AAF723D2E48E00E136ED /* LaunchScreen.storyboard */,
				8538AAFA23D2E48E00E136ED /* Info.plist */,
				8538AB0023D2E5EB00E136ED /* PeanutButter.swift */,
				8505A17123D454DB0067C67B /* PeanutViewController.swift */,
			);
			path = PeanutButter;
			sourceTree = "<group>";
		};
		85E3998523D5B18A0095856F /* ViewControllers */ = {
			isa = PBXGroup;
			children = (
				85E3998B23D5C3240095856F /* NewTableViewController.swift */,
			);
			path = ViewControllers;
			sourceTree = "<group>";
		};
		85E3998823D5B1E00095856F /* Models */ = {
			isa = PBXGroup;
			children = (
				85E3998123D591D30095856F /* PeanutModel.swift */,
				85E3998323D594990095856F /* StoreManager.swift */,
				8505A16B23D2F8790067C67B /* PeanutBatterCell.swift */,
			);
			path = Models;
			sourceTree = "<group>";
		};
/* End PBXGroup section */

/* Begin PBXNativeTarget section */
		8538AAE823D2E48D00E136ED /* PeanutButter */ = {
			isa = PBXNativeTarget;
			buildConfigurationList = 8538AAFD23D2E48E00E136ED /* Build configuration list for PBXNativeTarget "PeanutButter" */;
			buildPhases = (
				C04640C2B8FFE57F492D2AC3 /* [CP] Check Pods Manifest.lock */,
				8538AAE523D2E48D00E136ED /* Sources */,
				8538AAE623D2E48D00E136ED /* Frameworks */,
				8538AAE723D2E48D00E136ED /* Resources */,
				B3C249CCBF5BDD26AB0AF9EF /* [CP] Embed Pods Frameworks */,
			);
			buildRules = (
			);
			dependencies = (
			);
			name = PeanutButter;
			productName = PeanutButter;
			productReference = 8538AAE923D2E48D00E136ED /* PeanutButter.app */;
			productType = "com.apple.product-type.application";
		};
/* End PBXNativeTarget section */

/* Begin PBXProject section */
		8538AAE123D2E48D00E136ED /* Project object */ = {
			isa = PBXProject;
			attributes = {
				LastSwiftUpdateCheck = 1130;
				LastUpgradeCheck = 1130;
				ORGANIZATIONNAME = "Alena Khoroshilova";
				TargetAttributes = {
					8538AAE823D2E48D00E136ED = {
						CreatedOnToolsVersion = 11.3.1;
					};
				};
			};
			buildConfigurationList = 8538AAE423D2E48D00E136ED /* Build configuration list for PBXProject "PeanutButter" */;
			compatibilityVersion = "Xcode 9.3";
			developmentRegion = en;
			hasScannedForEncodings = 0;
			knownRegions = (
				en,
				Base,
			);
			mainGroup = 8538AAE023D2E48D00E136ED;
			productRefGroup = 8538AAEA23D2E48D00E136ED /* Products */;
			projectDirPath = "";
			projectRoot = "";
			targets = (
				8538AAE823D2E48D00E136ED /* PeanutButter */,
			);
		};
/* End PBXProject section */

/* Begin PBXResourcesBuildPhase section */
		8538AAE723D2E48D00E136ED /* Resources */ = {
			isa = PBXResourcesBuildPhase;
			buildActionMask = 2147483647;
			files = (
				8538AAF923D2E48E00E136ED /* LaunchScreen.storyboard in Resources */,
				8538AAF623D2E48E00E136ED /* Assets.xcassets in Resources */,
				8538AAF423D2E48D00E136ED /* Main.storyboard in Resources */,
			);
			runOnlyForDeploymentPostprocessing = 0;
		};
/* End PBXResourcesBuildPhase section */

/* Begin PBXShellScriptBuildPhase section */
		B3C249CCBF5BDD26AB0AF9EF /* [CP] Embed Pods Frameworks */ = {
			isa = PBXShellScriptBuildPhase;
			buildActionMask = 2147483647;
			files = (
			);
			inputFileListPaths = (
				"${PODS_ROOT}/Target Support Files/Pods-PeanutButter/Pods-PeanutButter-frameworks-${CONFIGURATION}-input-files.xcfilelist",
			);
			name = "[CP] Embed Pods Frameworks";
			outputFileListPaths = (
				"${PODS_ROOT}/Target Support Files/Pods-PeanutButter/Pods-PeanutButter-frameworks-${CONFIGURATION}-output-files.xcfilelist",
			);
			runOnlyForDeploymentPostprocessing = 0;
			shellPath = /bin/sh;
			shellScript = "\"${PODS_ROOT}/Target Support Files/Pods-PeanutButter/Pods-PeanutButter-frameworks.sh\"\n";
			showEnvVarsInLog = 0;
		};
		C04640C2B8FFE57F492D2AC3 /* [CP] Check Pods Manifest.lock */ = {
			isa = PBXShellScriptBuildPhase;
			buildActionMask = 2147483647;
			files = (
			);
			inputFileListPaths = (
			);
			inputPaths = (
				"${PODS_PODFILE_DIR_PATH}/Podfile.lock",
				"${PODS_ROOT}/Manifest.lock",
			);
			name = "[CP] Check Pods Manifest.lock";
			outputFileListPaths = (
			);
			outputPaths = (
				"$(DERIVED_FILE_DIR)/Pods-PeanutButter-checkManifestLockResult.txt",
			);
			runOnlyForDeploymentPostprocessing = 0;
			shellPath = /bin/sh;
			shellScript = "diff \"${PODS_PODFILE_DIR_PATH}/Podfile.lock\" \"${PODS_ROOT}/Manifest.lock\" > /dev/null\nif [ $? != 0 ] ; then\n    # print error to STDERR\n    echo \"error: The sandbox is not in sync with the Podfile.lock. Run 'pod install' or update your CocoaPods installation.\" >&2\n    exit 1\nfi\n# This output is used by Xcode 'outputs' to avoid re-running this script phase.\necho \"SUCCESS\" > \"${SCRIPT_OUTPUT_FILE_0}\"\n";
			showEnvVarsInLog = 0;
		};
/* End PBXShellScriptBuildPhase section */

/* Begin PBXSourcesBuildPhase section */
		8538AAE523D2E48D00E136ED /* Sources */ = {
			isa = PBXSourcesBuildPhase;
			buildActionMask = 2147483647;
			files = (
				8538AB0123D2E5EB00E136ED /* PeanutButter.swift in Sources */,
				8538AAF123D2E48D00E136ED /* ViewController.swift in Sources */,
				85E3998C23D5C3240095856F /* NewTableViewController.swift in Sources */,
				8538AAED23D2E48D00E136ED /* AppDelegate.swift in Sources */,
				8538AAEF23D2E48D00E136ED /* SceneDelegate.swift in Sources */,
				8505A16C23D2F8790067C67B /* PeanutBatterCell.swift in Sources */,
				85E3998423D594990095856F /* StoreManager.swift in Sources */,
				8505A17223D454DB0067C67B /* PeanutViewController.swift in Sources */,
				85E3998223D591D30095856F /* PeanutModel.swift in Sources */,
			);
			runOnlyForDeploymentPostprocessing = 0;
		};
/* End PBXSourcesBuildPhase section */

/* Begin PBXVariantGroup section */
		8538AAF223D2E48D00E136ED /* Main.storyboard */ = {
			isa = PBXVariantGroup;
			children = (
				8538AAF323D2E48D00E136ED /* Base */,
			);
			name = Main.storyboard;
			sourceTree = "<group>";
		};
		8538AAF723D2E48E00E136ED /* LaunchScreen.storyboard */ = {
			isa = PBXVariantGroup;
			children = (
				8538AAF823D2E48E00E136ED /* Base */,
			);
			name = LaunchScreen.storyboard;
			sourceTree = "<group>";
		};
/* End PBXVariantGroup section */

/* Begin XCBuildConfiguration section */
		8538AAFB23D2E48E00E136ED /* Debug */ = {
			isa = XCBuildConfiguration;
			buildSettings = {
				ALWAYS_SEARCH_USER_PATHS = NO;
				CLANG_ANALYZER_NONNULL = YES;
				CLANG_ANALYZER_NUMBER_OBJECT_CONVERSION = YES_AGGRESSIVE;
				CLANG_CXX_LANGUAGE_STANDARD = "gnu++14";
				CLANG_CXX_LIBRARY = "libc++";
				CLANG_ENABLE_MODULES = YES;
				CLANG_ENABLE_OBJC_ARC = YES;
				CLANG_ENABLE_OBJC_WEAK = YES;
				CLANG_WARN_BLOCK_CAPTURE_AUTORELEASING = YES;
				CLANG_WARN_BOOL_CONVERSION = YES;
				CLANG_WARN_COMMA = YES;
				CLANG_WARN_CONSTANT_CONVERSION = YES;
				CLANG_WARN_DEPRECATED_OBJC_IMPLEMENTATIONS = YES;
				CLANG_WARN_DIRECT_OBJC_ISA_USAGE = YES_ERROR;
				CLANG_WARN_DOCUMENTATION_COMMENTS = YES;
				CLANG_WARN_EMPTY_BODY = YES;
				CLANG_WARN_ENUM_CONVERSION = YES;
				CLANG_WARN_INFINITE_RECURSION = YES;
				CLANG_WARN_INT_CONVERSION = YES;
				CLANG_WARN_NON_LITERAL_NULL_CONVERSION = YES;
				CLANG_WARN_OBJC_IMPLICIT_RETAIN_SELF = YES;
				CLANG_WARN_OBJC_LITERAL_CONVERSION = YES;
				CLANG_WARN_OBJC_ROOT_CLASS = YES_ERROR;
				CLANG_WARN_RANGE_LOOP_ANALYSIS = YES;
				CLANG_WARN_STRICT_PROTOTYPES = YES;
				CLANG_WARN_SUSPICIOUS_MOVE = YES;
				CLANG_WARN_UNGUARDED_AVAILABILITY = YES_AGGRESSIVE;
				CLANG_WARN_UNREACHABLE_CODE = YES;
				CLANG_WARN__DUPLICATE_METHOD_MATCH = YES;
				COPY_PHASE_STRIP = NO;
				DEBUG_INFORMATION_FORMAT = dwarf;
				ENABLE_STRICT_OBJC_MSGSEND = YES;
				ENABLE_TESTABILITY = YES;
				GCC_C_LANGUAGE_STANDARD = gnu11;
				GCC_DYNAMIC_NO_PIC = NO;
				GCC_NO_COMMON_BLOCKS = YES;
				GCC_OPTIMIZATION_LEVEL = 0;
				GCC_PREPROCESSOR_DEFINITIONS = (
					"DEBUG=1",
					"$(inherited)",
				);
				GCC_WARN_64_TO_32_BIT_CONVERSION = YES;
				GCC_WARN_ABOUT_RETURN_TYPE = YES_ERROR;
				GCC_WARN_UNDECLARED_SELECTOR = YES;
				GCC_WARN_UNINITIALIZED_AUTOS = YES_AGGRESSIVE;
				GCC_WARN_UNUSED_FUNCTION = YES;
				GCC_WARN_UNUSED_VARIABLE = YES;
				IPHONEOS_DEPLOYMENT_TARGET = 13.2;
				MTL_ENABLE_DEBUG_INFO = INCLUDE_SOURCE;
				MTL_FAST_MATH = YES;
				ONLY_ACTIVE_ARCH = YES;
				SDKROOT = iphoneos;
				SWIFT_ACTIVE_COMPILATION_CONDITIONS = DEBUG;
				SWIFT_OPTIMIZATION_LEVEL = "-Onone";
			};
			name = Debug;
		};
		8538AAFC23D2E48E00E136ED /* Release */ = {
			isa = XCBuildConfiguration;
			buildSettings = {
				ALWAYS_SEARCH_USER_PATHS = NO;
				CLANG_ANALYZER_NONNULL = YES;
				CLANG_ANALYZER_NUMBER_OBJECT_CONVERSION = YES_AGGRESSIVE;
				CLANG_CXX_LANGUAGE_STANDARD = "gnu++14";
				CLANG_CXX_LIBRARY = "libc++";
				CLANG_ENABLE_MODULES = YES;
				CLANG_ENABLE_OBJC_ARC = YES;
				CLANG_ENABLE_OBJC_WEAK = YES;
				CLANG_WARN_BLOCK_CAPTURE_AUTORELEASING = YES;
				CLANG_WARN_BOOL_CONVERSION = YES;
				CLANG_WARN_COMMA = YES;
				CLANG_WARN_CONSTANT_CONVERSION = YES;
				CLANG_WARN_DEPRECATED_OBJC_IMPLEMENTATIONS = YES;
				CLANG_WARN_DIRECT_OBJC_ISA_USAGE = YES_ERROR;
				CLANG_WARN_DOCUMENTATION_COMMENTS = YES;
				CLANG_WARN_EMPTY_BODY = YES;
				CLANG_WARN_ENUM_CONVERSION = YES;
				CLANG_WARN_INFINITE_RECURSION = YES;
				CLANG_WARN_INT_CONVERSION = YES;
				CLANG_WARN_NON_LITERAL_NULL_CONVERSION = YES;
				CLANG_WARN_OBJC_IMPLICIT_RETAIN_SELF = YES;
				CLANG_WARN_OBJC_LITERAL_CONVERSION = YES;
				CLANG_WARN_OBJC_ROOT_CLASS = YES_ERROR;
				CLANG_WARN_RANGE_LOOP_ANALYSIS = YES;
				CLANG_WARN_STRICT_PROTOTYPES = YES;
				CLANG_WARN_SUSPICIOUS_MOVE = YES;
				CLANG_WARN_UNGUARDED_AVAILABILITY = YES_AGGRESSIVE;
				CLANG_WARN_UNREACHABLE_CODE = YES;
				CLANG_WARN__DUPLICATE_METHOD_MATCH = YES;
				COPY_PHASE_STRIP = NO;
				DEBUG_INFORMATION_FORMAT = "dwarf-with-dsym";
				ENABLE_NS_ASSERTIONS = NO;
				ENABLE_STRICT_OBJC_MSGSEND = YES;
				GCC_C_LANGUAGE_STANDARD = gnu11;
				GCC_NO_COMMON_BLOCKS = YES;
				GCC_WARN_64_TO_32_BIT_CONVERSION = YES;
				GCC_WARN_ABOUT_RETURN_TYPE = YES_ERROR;
				GCC_WARN_UNDECLARED_SELECTOR = YES;
				GCC_WARN_UNINITIALIZED_AUTOS = YES_AGGRESSIVE;
				GCC_WARN_UNUSED_FUNCTION = YES;
				GCC_WARN_UNUSED_VARIABLE = YES;
				IPHONEOS_DEPLOYMENT_TARGET = 13.2;
				MTL_ENABLE_DEBUG_INFO = NO;
				MTL_FAST_MATH = YES;
				SDKROOT = iphoneos;
				SWIFT_COMPILATION_MODE = wholemodule;
				SWIFT_OPTIMIZATION_LEVEL = "-O";
				VALIDATE_PRODUCT = YES;
			};
			name = Release;
		};
		8538AAFE23D2E48E00E136ED /* Debug */ = {
			isa = XCBuildConfiguration;
			baseConfigurationReference = 89FF3D7224835858FAADCF16 /* Pods-PeanutButter.debug.xcconfig */;
			buildSettings = {
				ASSETCATALOG_COMPILER_APPICON_NAME = AppIcon;
				CODE_SIGN_STYLE = Automatic;
				INFOPLIST_FILE = PeanutButter/Info.plist;
				LD_RUNPATH_SEARCH_PATHS = (
					"$(inherited)",
					"@executable_path/Frameworks",
				);
				PRODUCT_BUNDLE_IDENTIFIER = com.AlenaKhoroshilova.PeanutButter;
				PRODUCT_NAME = "$(TARGET_NAME)";
				SWIFT_VERSION = 5.0;
				TARGETED_DEVICE_FAMILY = "1,2";
			};
			name = Debug;
		};
		8538AAFF23D2E48E00E136ED /* Release */ = {
			isa = XCBuildConfiguration;
			baseConfigurationReference = D60E9DB2F7BE90376875ECD6 /* Pods-PeanutButter.release.xcconfig */;
			buildSettings = {
				ASSETCATALOG_COMPILER_APPICON_NAME = AppIcon;
				CODE_SIGN_STYLE = Automatic;
				INFOPLIST_FILE = PeanutButter/Info.plist;
				LD_RUNPATH_SEARCH_PATHS = (
					"$(inherited)",
					"@executable_path/Frameworks",
				);
				PRODUCT_BUNDLE_IDENTIFIER = com.AlenaKhoroshilova.PeanutButter;
				PRODUCT_NAME = "$(TARGET_NAME)";
				SWIFT_VERSION = 5.0;
				TARGETED_DEVICE_FAMILY = "1,2";
			};
			name = Release;
		};
/* End XCBuildConfiguration section */

/* Begin XCConfigurationList section */
		8538AAE423D2E48D00E136ED /* Build configuration list for PBXProject "PeanutButter" */ = {
			isa = XCConfigurationList;
			buildConfigurations = (
				8538AAFB23D2E48E00E136ED /* Debug */,
				8538AAFC23D2E48E00E136ED /* Release */,
			);
			defaultConfigurationIsVisible = 0;
			defaultConfigurationName = Release;
		};
		8538AAFD23D2E48E00E136ED /* Build configuration list for PBXNativeTarget "PeanutButter" */ = {
			isa = XCConfigurationList;
			buildConfigurations = (
				8538AAFE23D2E48E00E136ED /* Debug */,
				8538AAFF23D2E48E00E136ED /* Release */,
			);
			defaultConfigurationIsVisible = 0;
			defaultConfigurationName = Release;
		};
/* End XCConfigurationList section */
	};
	rootObject = 8538AAE123D2E48D00E136ED /* Project object */;
}
